{
  "name": "proyectogimnasio",
  "version": "1.0.0",
  "lockfileVersion": 3,
  "requires": true,
  "packages": {
    "": {
      "name": "proyectogimnasio",
      "version": "1.0.0",
      "dependencies": {
        "proyectogimnasio": "file:"
      }
    },
    "node_modules/proyectogimnasio": {
      "resolved": "",
      "link": true
    }
  }
}
